
Microsoft Visual Studio Solution File, Format Version 12.00
# Visual Studio 15
VisualStudioVersion = 15.0.26430.16
MinimumVisualStudioVersion = 10.0.40219.1
Project("{FAE04EC0-301F-11D3-BF4B-00C04F79EFBC}") = "Leto.Api", "Leto.Api\Leto.Api.csproj", "{14A1823A-C0CD-4280-8E4A-7C2E08F4B7E7}"
EndProject
Project("{FAE04EC0-301F-11D3-BF4B-00C04F79EFBC}") = "Leto.Api.Tests", "Leto.Api.Tests\Leto.Api.Tests.csproj", "{0D534734-9537-4F07-BE2F-2B82F7AA2ECF}"
EndProject
Global
	GlobalSection(SolutionConfigurationPlatforms) = preSolution
		Debug|Any CPU = Debug|Any CPU
		Release|Any CPU = Release|Any CPU
	EndGlobalSection
	GlobalSection(ProjectConfigurationPlatforms) = postSolution
		{14A1823A-C0CD-4280-8E4A-7C2E08F4B7E7}.Debug|Any CPU.ActiveCfg = Debug|Any CPU
		{14A1823A-C0CD-4280-8E4A-7C2E08F4B7E7}.Debug|Any CPU.Build.0 = Debug|Any CPU
		{14A1823A-C0CD-4280-8E4A-7C2E08F4B7E7}.Release|Any CPU.ActiveCfg = Release|Any CPU
		{14A1823A-C0CD-4280-8E4A-7C2E08F4B7E7}.Release|Any CPU.Build.0 = Release|Any CPU
		{0D534734-9537-4F07-BE2F-2B82F7AA2ECF}.Debug|Any CPU.ActiveCfg = Debug|Any CPU
		{0D534734-9537-4F07-BE2F-2B82F7AA2ECF}.Debug|Any CPU.Build.0 = Debug|Any CPU
		{0D534734-9537-4F07-BE2F-2B82F7AA2ECF}.Release|Any CPU.ActiveCfg = Release|Any CPU
		{0D534734-9537-4F07-BE2F-2B82F7AA2ECF}.Release|Any CPU.Build.0 = Release|Any CPU
	EndGlobalSection
	GlobalSection(SolutionProperties) = preSolution
		HideSolutionNode = FALSE
	EndGlobalSection
EndGlobal
